
Microsoft Visual Studio Solution File, Format Version 12.00
# Visual Studio 15
VisualStudioVersion = 15.0.28010.2026
MinimumVisualStudioVersion = 10.0.40219.1
Project("{2150E333-8FDC-42A3-9474-1A3956D46DE8}") = "01PrimitiveTypesAndExpressions", "01PrimitiveTypesAndExpressions", "{97F12CB8-EE52-4157-A7CE-C56394822FC2}"
EndProject
Project("{FAE04EC0-301F-11D3-BF4B-00C04F79EFBC}") = "VariablesAndConstants", "VariablesAndConstants\VariablesAndConstants.csproj", "{41E6B688-8CA6-43C6-8DF5-9AAC80D6C136}"
EndProject
Project("{FAE04EC0-301F-11D3-BF4B-00C04F79EFBC}") = "TypeConversion", "TypeConversion\TypeConversion.csproj", "{EA51B215-A8D8-4681-949B-976349662130}"
EndProject
Project("{FAE04EC0-301F-11D3-BF4B-00C04F79EFBC}") = "Operators", "Operators\Operators.csproj", "{D1BD1A56-88EB-452A-8EB5-84D3F83598BC}"
EndProject
Project("{2150E333-8FDC-42A3-9474-1A3956D46DE8}") = "02NonPrimitiveTypes", "02NonPrimitiveTypes", "{DD410D4C-78E6-496F-9527-52600D001469}"
EndProject
Project("{FAE04EC0-301F-11D3-BF4B-00C04F79EFBC}") = "ClassesDemo", "ClassesDemo\ClassesDemo.csproj", "{92C514D6-2EDD-4B86-975B-7E0635036D43}"
EndProject
Project("{FAE04EC0-301F-11D3-BF4B-00C04F79EFBC}") = "ArraysDemo", "ArraysDemo\ArraysDemo.csproj", "{F71A03DE-2958-43E6-8C56-84CB9997A4E8}"
EndProject
Project("{FAE04EC0-301F-11D3-BF4B-00C04F79EFBC}") = "StringDemo", "StringDemo\StringDemo.csproj", "{39789972-8A68-4CEB-BFC2-0C8CC3D8FCE3}"
EndProject
Project("{FAE04EC0-301F-11D3-BF4B-00C04F79EFBC}") = "EnumsDemo", "EnumsDemo\EnumsDemo.csproj", "{5BCF92D5-864A-4C63-84A4-6D13EA47B7F0}"
EndProject
Project("{FAE04EC0-301F-11D3-BF4B-00C04F79EFBC}") = "ReferenceAndValueTypesDemo", "ReferenceAndValueTypesDemo\ReferenceAndValueTypesDemo.csproj", "{B65A8C86-AA5A-45D2-9DA3-BA8B1FBDC03B}"
EndProject
Project("{2150E333-8FDC-42A3-9474-1A3956D46DE8}") = "03ControlFlow", "03ControlFlow", "{13BE3F39-6DFF-4810-9695-DA25A4621585}"
EndProject
Project("{FAE04EC0-301F-11D3-BF4B-00C04F79EFBC}") = "IfElseSwitchDemo", "IfElseSwitchDemo\IfElseSwitchDemo.csproj", "{948AC910-150E-4CEB-BEBC-CC6C20DC18AA}"
EndProject
Project("{FAE04EC0-301F-11D3-BF4B-00C04F79EFBC}") = "IfElseSwitchExercises", "IfElseSwitchExercises\IfElseSwitchExercises.csproj", "{4FDA459A-F387-48E8-BB26-08FF8AE76BE4}"
EndProject
Project("{FAE04EC0-301F-11D3-BF4B-00C04F79EFBC}") = "IterationDemo", "IterationDemo\IterationDemo.csproj", "{8AFA4FC3-3990-4C11-B25A-BD0A7C5D5026}"
EndProject
Project("{FAE04EC0-301F-11D3-BF4B-00C04F79EFBC}") = "RandomClassDemo", "RandomClassDemo\RandomClassDemo.csproj", "{5DEFB17F-7234-4AD4-AAD9-1D1144D34926}"
EndProject
Project("{FAE04EC0-301F-11D3-BF4B-00C04F79EFBC}") = "IterationExercises", "IterationExercises\IterationExercises.csproj", "{8DE2C147-A0D3-4FA7-8CAD-BE81050A9179}"
EndProject
Project("{2150E333-8FDC-42A3-9474-1A3956D46DE8}") = "04ArraysAndLists", "04ArraysAndLists", "{354258B5-C74D-47BA-97DD-68E52DB3AEAF}"
EndProject
Project("{FAE04EC0-301F-11D3-BF4B-00C04F79EFBC}") = "DemoArrays", "DemoArrays\DemoArrays.csproj", "{611F4347-BCE2-43E7-BE10-213E55DB5C94}"
EndProject
Project("{FAE04EC0-301F-11D3-BF4B-00C04F79EFBC}") = "DemoLists", "DemoLists\DemoLists.csproj", "{CB6C2D16-0756-4B6B-890B-FFC5EEE61057}"
EndProject
Project("{FAE04EC0-301F-11D3-BF4B-00C04F79EFBC}") = "ListsDemo", "ListsDemo\ListsDemo.csproj", "{F905AC96-B75B-46EA-90E2-30F718B13C0D}"
EndProject
Project("{2150E333-8FDC-42A3-9474-1A3956D46DE8}") = "05WorkingWithDates", "05WorkingWithDates", "{01375905-A346-4866-B378-6232D865F596}"
EndProject
Project("{FAE04EC0-301F-11D3-BF4B-00C04F79EFBC}") = "DateTime", "DateTime\DateTime.csproj", "{68C8ABE9-C088-4B63-BB9E-CDE96A9F055E}"
EndProject
Project("{FAE04EC0-301F-11D3-BF4B-00C04F79EFBC}") = "TimeSpanDemo", "TimeSpanDemo\TimeSpanDemo.csproj", "{0BC21241-EF1F-406B-A37D-FBBD6F270CFF}"
EndProject
Project("{2150E333-8FDC-42A3-9474-1A3956D46DE8}") = "06WorkingWithText", "06WorkingWithText", "{1C667556-454B-4679-9122-8AE12F32BA79}"
EndProject
Project("{FAE04EC0-301F-11D3-BF4B-00C04F79EFBC}") = "DemoString", "DemoString\DemoString.csproj", "{A166E431-5E06-4E50-AF49-D005B48A8C77}"
EndProject
Project("{FAE04EC0-301F-11D3-BF4B-00C04F79EFBC}") = "SummarisingTextDemo", "SummarisingTextDemo\SummarisingTextDemo.csproj", "{5E7BE51E-6FB5-4A4D-A66E-E3D0B389A1E1}"
EndProject
Project("{FAE04EC0-301F-11D3-BF4B-00C04F79EFBC}") = "StringBuilderDemo", "StringBuilderDemo\StringBuilderDemo.csproj", "{BE4EADA0-50F4-472A-AE1D-793B7B1E8231}"
EndProject
Project("{FAE04EC0-301F-11D3-BF4B-00C04F79EFBC}") = "WorkingWithTextDemo", "WorkingWithTextDemo\WorkingWithTextDemo.csproj", "{9AA2DFEE-2927-4470-8BEB-8E6F6B223098}"
EndProject
Project("{2150E333-8FDC-42A3-9474-1A3956D46DE8}") = "07WorkingWithFiles", "07WorkingWithFiles", "{271C681F-A4E6-4CBB-B2B5-52C7ACC365E0}"
EndProject
Project("{FAE04EC0-301F-11D3-BF4B-00C04F79EFBC}") = "FileAndFileInfoDemo", "FileAndFileInfoDemo\FileAndFileInfoDemo.csproj", "{261A58DE-60F5-4B5B-97B2-6432F70BE2DB}"
EndProject
Project("{FAE04EC0-301F-11D3-BF4B-00C04F79EFBC}") = "DirectoryAndDirectoryInfoDemo", "DirectoryAndDirectoryInfoDemo\DirectoryAndDirectoryInfoDemo.csproj", "{1C01BFDC-3FD6-4164-BFA0-A80C6A3DF705}"
EndProject
Project("{FAE04EC0-301F-11D3-BF4B-00C04F79EFBC}") = "PathDemo", "PathDemo\PathDemo.csproj", "{C81B0383-CBB4-44CF-AA0D-DB1E869D430A}"
EndProject
Project("{FAE04EC0-301F-11D3-BF4B-00C04F79EFBC}") = "WorkingWithFilesExercise", "WorkingWithFilesExercise\WorkingWithFilesExercise.csproj", "{B4430A24-FC02-4F57-B233-3BE2A9965A90}"
EndProject
Project("{2150E333-8FDC-42A3-9474-1A3956D46DE8}") = "08Classes", "08Classes", "{455AD881-EAC8-4107-87A8-5FF82F21BA2C}"
EndProject
Project("{FAE04EC0-301F-11D3-BF4B-00C04F79EFBC}") = "DemoClasses", "DemoClasses\DemoClasses.csproj", "{40B2BEC9-D8A0-45DE-876E-457E3B831D5D}"
EndProject
Project("{FAE04EC0-301F-11D3-BF4B-00C04F79EFBC}") = "ConstructorsDemo", "ConstructorsDemo\ConstructorsDemo.csproj", "{5262E365-FBA4-4ED8-947B-5D8C464769BA}"
EndProject
Project("{FAE04EC0-301F-11D3-BF4B-00C04F79EFBC}") = "MethodsDemo", "MethodsDemo\MethodsDemo.csproj", "{1EFF50DF-86C7-4CC7-8244-0D25FE7ED71A}"
EndProject
Project("{FAE04EC0-301F-11D3-BF4B-00C04F79EFBC}") = "FieldsDemo", "FieldsDemo\FieldsDemo.csproj", "{98AA5F83-0F11-492C-8B68-7DB8E3199012}"
EndProject
Project("{FAE04EC0-301F-11D3-BF4B-00C04F79EFBC}") = "AccessModifiersDemo", "AccessModifiersDemo\AccessModifiersDemo.csproj", "{8756D263-CECD-4162-A5F4-F87A3AB791DB}"
EndProject
Global
	GlobalSection(SolutionConfigurationPlatforms) = preSolution
		Debug|Any CPU = Debug|Any CPU
		Release|Any CPU = Release|Any CPU
	EndGlobalSection
	GlobalSection(ProjectConfigurationPlatforms) = postSolution
		{41E6B688-8CA6-43C6-8DF5-9AAC80D6C136}.Debug|Any CPU.ActiveCfg = Debug|Any CPU
		{41E6B688-8CA6-43C6-8DF5-9AAC80D6C136}.Debug|Any CPU.Build.0 = Debug|Any CPU
		{41E6B688-8CA6-43C6-8DF5-9AAC80D6C136}.Release|Any CPU.ActiveCfg = Release|Any CPU
		{41E6B688-8CA6-43C6-8DF5-9AAC80D6C136}.Release|Any CPU.Build.0 = Release|Any CPU
		{EA51B215-A8D8-4681-949B-976349662130}.Debug|Any CPU.ActiveCfg = Debug|Any CPU
		{EA51B215-A8D8-4681-949B-976349662130}.Debug|Any CPU.Build.0 = Debug|Any CPU
		{EA51B215-A8D8-4681-949B-976349662130}.Release|Any CPU.ActiveCfg = Release|Any CPU
		{EA51B215-A8D8-4681-949B-976349662130}.Release|Any CPU.Build.0 = Release|Any CPU
		{D1BD1A56-88EB-452A-8EB5-84D3F83598BC}.Debug|Any CPU.ActiveCfg = Debug|Any CPU
		{D1BD1A56-88EB-452A-8EB5-84D3F83598BC}.Debug|Any CPU.Build.0 = Debug|Any CPU
		{D1BD1A56-88EB-452A-8EB5-84D3F83598BC}.Release|Any CPU.ActiveCfg = Release|Any CPU
		{D1BD1A56-88EB-452A-8EB5-84D3F83598BC}.Release|Any CPU.Build.0 = Release|Any CPU
		{92C514D6-2EDD-4B86-975B-7E0635036D43}.Debug|Any CPU.ActiveCfg = Debug|Any CPU
		{92C514D6-2EDD-4B86-975B-7E0635036D43}.Debug|Any CPU.Build.0 = Debug|Any CPU
		{92C514D6-2EDD-4B86-975B-7E0635036D43}.Release|Any CPU.ActiveCfg = Release|Any CPU
		{92C514D6-2EDD-4B86-975B-7E0635036D43}.Release|Any CPU.Build.0 = Release|Any CPU
		{F71A03DE-2958-43E6-8C56-84CB9997A4E8}.Debug|Any CPU.ActiveCfg = Debug|Any CPU
		{F71A03DE-2958-43E6-8C56-84CB9997A4E8}.Debug|Any CPU.Build.0 = Debug|Any CPU
		{F71A03DE-2958-43E6-8C56-84CB9997A4E8}.Release|Any CPU.ActiveCfg = Release|Any CPU
		{F71A03DE-2958-43E6-8C56-84CB9997A4E8}.Release|Any CPU.Build.0 = Release|Any CPU
		{39789972-8A68-4CEB-BFC2-0C8CC3D8FCE3}.Debug|Any CPU.ActiveCfg = Debug|Any CPU
		{39789972-8A68-4CEB-BFC2-0C8CC3D8FCE3}.Debug|Any CPU.Build.0 = Debug|Any CPU
		{39789972-8A68-4CEB-BFC2-0C8CC3D8FCE3}.Release|Any CPU.ActiveCfg = Release|Any CPU
		{39789972-8A68-4CEB-BFC2-0C8CC3D8FCE3}.Release|Any CPU.Build.0 = Release|Any CPU
		{5BCF92D5-864A-4C63-84A4-6D13EA47B7F0}.Debug|Any CPU.ActiveCfg = Debug|Any CPU
		{5BCF92D5-864A-4C63-84A4-6D13EA47B7F0}.Debug|Any CPU.Build.0 = Debug|Any CPU
		{5BCF92D5-864A-4C63-84A4-6D13EA47B7F0}.Release|Any CPU.ActiveCfg = Release|Any CPU
		{5BCF92D5-864A-4C63-84A4-6D13EA47B7F0}.Release|Any CPU.Build.0 = Release|Any CPU
		{B65A8C86-AA5A-45D2-9DA3-BA8B1FBDC03B}.Debug|Any CPU.ActiveCfg = Debug|Any CPU
		{B65A8C86-AA5A-45D2-9DA3-BA8B1FBDC03B}.Debug|Any CPU.Build.0 = Debug|Any CPU
		{B65A8C86-AA5A-45D2-9DA3-BA8B1FBDC03B}.Release|Any CPU.ActiveCfg = Release|Any CPU
		{B65A8C86-AA5A-45D2-9DA3-BA8B1FBDC03B}.Release|Any CPU.Build.0 = Release|Any CPU
		{948AC910-150E-4CEB-BEBC-CC6C20DC18AA}.Debug|Any CPU.ActiveCfg = Debug|Any CPU
		{948AC910-150E-4CEB-BEBC-CC6C20DC18AA}.Debug|Any CPU.Build.0 = Debug|Any CPU
		{948AC910-150E-4CEB-BEBC-CC6C20DC18AA}.Release|Any CPU.ActiveCfg = Release|Any CPU
		{948AC910-150E-4CEB-BEBC-CC6C20DC18AA}.Release|Any CPU.Build.0 = Release|Any CPU
		{4FDA459A-F387-48E8-BB26-08FF8AE76BE4}.Debug|Any CPU.ActiveCfg = Debug|Any CPU
		{4FDA459A-F387-48E8-BB26-08FF8AE76BE4}.Debug|Any CPU.Build.0 = Debug|Any CPU
		{4FDA459A-F387-48E8-BB26-08FF8AE76BE4}.Release|Any CPU.ActiveCfg = Release|Any CPU
		{4FDA459A-F387-48E8-BB26-08FF8AE76BE4}.Release|Any CPU.Build.0 = Release|Any CPU
		{8AFA4FC3-3990-4C11-B25A-BD0A7C5D5026}.Debug|Any CPU.ActiveCfg = Debug|Any CPU
		{8AFA4FC3-3990-4C11-B25A-BD0A7C5D5026}.Debug|Any CPU.Build.0 = Debug|Any CPU
		{8AFA4FC3-3990-4C11-B25A-BD0A7C5D5026}.Release|Any CPU.ActiveCfg = Release|Any CPU
		{8AFA4FC3-3990-4C11-B25A-BD0A7C5D5026}.Release|Any CPU.Build.0 = Release|Any CPU
		{5DEFB17F-7234-4AD4-AAD9-1D1144D34926}.Debug|Any CPU.ActiveCfg = Debug|Any CPU
		{5DEFB17F-7234-4AD4-AAD9-1D1144D34926}.Debug|Any CPU.Build.0 = Debug|Any CPU
		{5DEFB17F-7234-4AD4-AAD9-1D1144D34926}.Release|Any CPU.ActiveCfg = Release|Any CPU
		{5DEFB17F-7234-4AD4-AAD9-1D1144D34926}.Release|Any CPU.Build.0 = Release|Any CPU
		{8DE2C147-A0D3-4FA7-8CAD-BE81050A9179}.Debug|Any CPU.ActiveCfg = Debug|Any CPU
		{8DE2C147-A0D3-4FA7-8CAD-BE81050A9179}.Debug|Any CPU.Build.0 = Debug|Any CPU
		{8DE2C147-A0D3-4FA7-8CAD-BE81050A9179}.Release|Any CPU.ActiveCfg = Release|Any CPU
		{8DE2C147-A0D3-4FA7-8CAD-BE81050A9179}.Release|Any CPU.Build.0 = Release|Any CPU
		{611F4347-BCE2-43E7-BE10-213E55DB5C94}.Debug|Any CPU.ActiveCfg = Debug|Any CPU
		{611F4347-BCE2-43E7-BE10-213E55DB5C94}.Debug|Any CPU.Build.0 = Debug|Any CPU
		{611F4347-BCE2-43E7-BE10-213E55DB5C94}.Release|Any CPU.ActiveCfg = Release|Any CPU
		{611F4347-BCE2-43E7-BE10-213E55DB5C94}.Release|Any CPU.Build.0 = Release|Any CPU
		{CB6C2D16-0756-4B6B-890B-FFC5EEE61057}.Debug|Any CPU.ActiveCfg = Debug|Any CPU
		{CB6C2D16-0756-4B6B-890B-FFC5EEE61057}.Debug|Any CPU.Build.0 = Debug|Any CPU
		{CB6C2D16-0756-4B6B-890B-FFC5EEE61057}.Release|Any CPU.ActiveCfg = Release|Any CPU
		{CB6C2D16-0756-4B6B-890B-FFC5EEE61057}.Release|Any CPU.Build.0 = Release|Any CPU
		{F905AC96-B75B-46EA-90E2-30F718B13C0D}.Debug|Any CPU.ActiveCfg = Debug|Any CPU
		{F905AC96-B75B-46EA-90E2-30F718B13C0D}.Debug|Any CPU.Build.0 = Debug|Any CPU
		{F905AC96-B75B-46EA-90E2-30F718B13C0D}.Release|Any CPU.ActiveCfg = Release|Any CPU
		{F905AC96-B75B-46EA-90E2-30F718B13C0D}.Release|Any CPU.Build.0 = Release|Any CPU
		{68C8ABE9-C088-4B63-BB9E-CDE96A9F055E}.Debug|Any CPU.ActiveCfg = Debug|Any CPU
		{68C8ABE9-C088-4B63-BB9E-CDE96A9F055E}.Debug|Any CPU.Build.0 = Debug|Any CPU
		{68C8ABE9-C088-4B63-BB9E-CDE96A9F055E}.Release|Any CPU.ActiveCfg = Release|Any CPU
		{68C8ABE9-C088-4B63-BB9E-CDE96A9F055E}.Release|Any CPU.Build.0 = Release|Any CPU
		{0BC21241-EF1F-406B-A37D-FBBD6F270CFF}.Debug|Any CPU.ActiveCfg = Debug|Any CPU
		{0BC21241-EF1F-406B-A37D-FBBD6F270CFF}.Debug|Any CPU.Build.0 = Debug|Any CPU
		{0BC21241-EF1F-406B-A37D-FBBD6F270CFF}.Release|Any CPU.ActiveCfg = Release|Any CPU
		{0BC21241-EF1F-406B-A37D-FBBD6F270CFF}.Release|Any CPU.Build.0 = Release|Any CPU
		{A166E431-5E06-4E50-AF49-D005B48A8C77}.Debug|Any CPU.ActiveCfg = Debug|Any CPU
		{A166E431-5E06-4E50-AF49-D005B48A8C77}.Debug|Any CPU.Build.0 = Debug|Any CPU
		{A166E431-5E06-4E50-AF49-D005B48A8C77}.Release|Any CPU.ActiveCfg = Release|Any CPU
		{A166E431-5E06-4E50-AF49-D005B48A8C77}.Release|Any CPU.Build.0 = Release|Any CPU
		{5E7BE51E-6FB5-4A4D-A66E-E3D0B389A1E1}.Debug|Any CPU.ActiveCfg = Debug|Any CPU
		{5E7BE51E-6FB5-4A4D-A66E-E3D0B389A1E1}.Debug|Any CPU.Build.0 = Debug|Any CPU
		{5E7BE51E-6FB5-4A4D-A66E-E3D0B389A1E1}.Release|Any CPU.ActiveCfg = Release|Any CPU
		{5E7BE51E-6FB5-4A4D-A66E-E3D0B389A1E1}.Release|Any CPU.Build.0 = Release|Any CPU
		{BE4EADA0-50F4-472A-AE1D-793B7B1E8231}.Debug|Any CPU.ActiveCfg = Debug|Any CPU
		{BE4EADA0-50F4-472A-AE1D-793B7B1E8231}.Debug|Any CPU.Build.0 = Debug|Any CPU
		{BE4EADA0-50F4-472A-AE1D-793B7B1E8231}.Release|Any CPU.ActiveCfg = Release|Any CPU
		{BE4EADA0-50F4-472A-AE1D-793B7B1E8231}.Release|Any CPU.Build.0 = Release|Any CPU
		{9AA2DFEE-2927-4470-8BEB-8E6F6B223098}.Debug|Any CPU.ActiveCfg = Debug|Any CPU
		{9AA2DFEE-2927-4470-8BEB-8E6F6B223098}.Debug|Any CPU.Build.0 = Debug|Any CPU
		{9AA2DFEE-2927-4470-8BEB-8E6F6B223098}.Release|Any CPU.ActiveCfg = Release|Any CPU
		{9AA2DFEE-2927-4470-8BEB-8E6F6B223098}.Release|Any CPU.Build.0 = Release|Any CPU
		{261A58DE-60F5-4B5B-97B2-6432F70BE2DB}.Debug|Any CPU.ActiveCfg = Debug|Any CPU
		{261A58DE-60F5-4B5B-97B2-6432F70BE2DB}.Debug|Any CPU.Build.0 = Debug|Any CPU
		{261A58DE-60F5-4B5B-97B2-6432F70BE2DB}.Release|Any CPU.ActiveCfg = Release|Any CPU
		{261A58DE-60F5-4B5B-97B2-6432F70BE2DB}.Release|Any CPU.Build.0 = Release|Any CPU
		{1C01BFDC-3FD6-4164-BFA0-A80C6A3DF705}.Debug|Any CPU.ActiveCfg = Debug|Any CPU
		{1C01BFDC-3FD6-4164-BFA0-A80C6A3DF705}.Debug|Any CPU.Build.0 = Debug|Any CPU
		{1C01BFDC-3FD6-4164-BFA0-A80C6A3DF705}.Release|Any CPU.ActiveCfg = Release|Any CPU
		{1C01BFDC-3FD6-4164-BFA0-A80C6A3DF705}.Release|Any CPU.Build.0 = Release|Any CPU
		{C81B0383-CBB4-44CF-AA0D-DB1E869D430A}.Debug|Any CPU.ActiveCfg = Debug|Any CPU
		{C81B0383-CBB4-44CF-AA0D-DB1E869D430A}.Debug|Any CPU.Build.0 = Debug|Any CPU
		{C81B0383-CBB4-44CF-AA0D-DB1E869D430A}.Release|Any CPU.ActiveCfg = Release|Any CPU
		{C81B0383-CBB4-44CF-AA0D-DB1E869D430A}.Release|Any CPU.Build.0 = Release|Any CPU
		{B4430A24-FC02-4F57-B233-3BE2A9965A90}.Debug|Any CPU.ActiveCfg = Debug|Any CPU
		{B4430A24-FC02-4F57-B233-3BE2A9965A90}.Debug|Any CPU.Build.0 = Debug|Any CPU
		{B4430A24-FC02-4F57-B233-3BE2A9965A90}.Release|Any CPU.ActiveCfg = Release|Any CPU
		{B4430A24-FC02-4F57-B233-3BE2A9965A90}.Release|Any CPU.Build.0 = Release|Any CPU
		{40B2BEC9-D8A0-45DE-876E-457E3B831D5D}.Debug|Any CPU.ActiveCfg = Debug|Any CPU
		{40B2BEC9-D8A0-45DE-876E-457E3B831D5D}.Debug|Any CPU.Build.0 = Debug|Any CPU
		{40B2BEC9-D8A0-45DE-876E-457E3B831D5D}.Release|Any CPU.ActiveCfg = Release|Any CPU
		{40B2BEC9-D8A0-45DE-876E-457E3B831D5D}.Release|Any CPU.Build.0 = Release|Any CPU
		{5262E365-FBA4-4ED8-947B-5D8C464769BA}.Debug|Any CPU.ActiveCfg = Debug|Any CPU
		{5262E365-FBA4-4ED8-947B-5D8C464769BA}.Debug|Any CPU.Build.0 = Debug|Any CPU
		{5262E365-FBA4-4ED8-947B-5D8C464769BA}.Release|Any CPU.ActiveCfg = Release|Any CPU
		{5262E365-FBA4-4ED8-947B-5D8C464769BA}.Release|Any CPU.Build.0 = Release|Any CPU
		{1EFF50DF-86C7-4CC7-8244-0D25FE7ED71A}.Debug|Any CPU.ActiveCfg = Debug|Any CPU
		{1EFF50DF-86C7-4CC7-8244-0D25FE7ED71A}.Debug|Any CPU.Build.0 = Debug|Any CPU
		{1EFF50DF-86C7-4CC7-8244-0D25FE7ED71A}.Release|Any CPU.ActiveCfg = Release|Any CPU
		{1EFF50DF-86C7-4CC7-8244-0D25FE7ED71A}.Release|Any CPU.Build.0 = Release|Any CPU
		{98AA5F83-0F11-492C-8B68-7DB8E3199012}.Debug|Any CPU.ActiveCfg = Debug|Any CPU
		{98AA5F83-0F11-492C-8B68-7DB8E3199012}.Debug|Any CPU.Build.0 = Debug|Any CPU
		{98AA5F83-0F11-492C-8B68-7DB8E3199012}.Release|Any CPU.ActiveCfg = Release|Any CPU
		{98AA5F83-0F11-492C-8B68-7DB8E3199012}.Release|Any CPU.Build.0 = Release|Any CPU
		{8756D263-CECD-4162-A5F4-F87A3AB791DB}.Debug|Any CPU.ActiveCfg = Debug|Any CPU
		{8756D263-CECD-4162-A5F4-F87A3AB791DB}.Debug|Any CPU.Build.0 = Debug|Any CPU
		{8756D263-CECD-4162-A5F4-F87A3AB791DB}.Release|Any CPU.ActiveCfg = Release|Any CPU
		{8756D263-CECD-4162-A5F4-F87A3AB791DB}.Release|Any CPU.Build.0 = Release|Any CPU
	EndGlobalSection
	GlobalSection(SolutionProperties) = preSolution
		HideSolutionNode = FALSE
	EndGlobalSection
	GlobalSection(NestedProjects) = preSolution
		{41E6B688-8CA6-43C6-8DF5-9AAC80D6C136} = {97F12CB8-EE52-4157-A7CE-C56394822FC2}
		{EA51B215-A8D8-4681-949B-976349662130} = {97F12CB8-EE52-4157-A7CE-C56394822FC2}
		{D1BD1A56-88EB-452A-8EB5-84D3F83598BC} = {97F12CB8-EE52-4157-A7CE-C56394822FC2}
		{92C514D6-2EDD-4B86-975B-7E0635036D43} = {DD410D4C-78E6-496F-9527-52600D001469}
		{F71A03DE-2958-43E6-8C56-84CB9997A4E8} = {DD410D4C-78E6-496F-9527-52600D001469}
		{39789972-8A68-4CEB-BFC2-0C8CC3D8FCE3} = {DD410D4C-78E6-496F-9527-52600D001469}
		{5BCF92D5-864A-4C63-84A4-6D13EA47B7F0} = {DD410D4C-78E6-496F-9527-52600D001469}
		{B65A8C86-AA5A-45D2-9DA3-BA8B1FBDC03B} = {DD410D4C-78E6-496F-9527-52600D001469}
		{948AC910-150E-4CEB-BEBC-CC6C20DC18AA} = {13BE3F39-6DFF-4810-9695-DA25A4621585}
		{4FDA459A-F387-48E8-BB26-08FF8AE76BE4} = {13BE3F39-6DFF-4810-9695-DA25A4621585}
		{8AFA4FC3-3990-4C11-B25A-BD0A7C5D5026} = {13BE3F39-6DFF-4810-9695-DA25A4621585}
		{5DEFB17F-7234-4AD4-AAD9-1D1144D34926} = {13BE3F39-6DFF-4810-9695-DA25A4621585}
		{8DE2C147-A0D3-4FA7-8CAD-BE81050A9179} = {13BE3F39-6DFF-4810-9695-DA25A4621585}
		{611F4347-BCE2-43E7-BE10-213E55DB5C94} = {354258B5-C74D-47BA-97DD-68E52DB3AEAF}
		{CB6C2D16-0756-4B6B-890B-FFC5EEE61057} = {354258B5-C74D-47BA-97DD-68E52DB3AEAF}
		{F905AC96-B75B-46EA-90E2-30F718B13C0D} = {354258B5-C74D-47BA-97DD-68E52DB3AEAF}
		{68C8ABE9-C088-4B63-BB9E-CDE96A9F055E} = {01375905-A346-4866-B378-6232D865F596}
		{0BC21241-EF1F-406B-A37D-FBBD6F270CFF} = {01375905-A346-4866-B378-6232D865F596}
		{A166E431-5E06-4E50-AF49-D005B48A8C77} = {1C667556-454B-4679-9122-8AE12F32BA79}
		{5E7BE51E-6FB5-4A4D-A66E-E3D0B389A1E1} = {1C667556-454B-4679-9122-8AE12F32BA79}
		{BE4EADA0-50F4-472A-AE1D-793B7B1E8231} = {1C667556-454B-4679-9122-8AE12F32BA79}
		{9AA2DFEE-2927-4470-8BEB-8E6F6B223098} = {1C667556-454B-4679-9122-8AE12F32BA79}
		{261A58DE-60F5-4B5B-97B2-6432F70BE2DB} = {271C681F-A4E6-4CBB-B2B5-52C7ACC365E0}
		{1C01BFDC-3FD6-4164-BFA0-A80C6A3DF705} = {271C681F-A4E6-4CBB-B2B5-52C7ACC365E0}
		{C81B0383-CBB4-44CF-AA0D-DB1E869D430A} = {271C681F-A4E6-4CBB-B2B5-52C7ACC365E0}
		{B4430A24-FC02-4F57-B233-3BE2A9965A90} = {271C681F-A4E6-4CBB-B2B5-52C7ACC365E0}
		{40B2BEC9-D8A0-45DE-876E-457E3B831D5D} = {455AD881-EAC8-4107-87A8-5FF82F21BA2C}
		{5262E365-FBA4-4ED8-947B-5D8C464769BA} = {455AD881-EAC8-4107-87A8-5FF82F21BA2C}
		{1EFF50DF-86C7-4CC7-8244-0D25FE7ED71A} = {455AD881-EAC8-4107-87A8-5FF82F21BA2C}
		{98AA5F83-0F11-492C-8B68-7DB8E3199012} = {455AD881-EAC8-4107-87A8-5FF82F21BA2C}
		{8756D263-CECD-4162-A5F4-F87A3AB791DB} = {455AD881-EAC8-4107-87A8-5FF82F21BA2C}
	EndGlobalSection
	GlobalSection(ExtensibilityGlobals) = postSolution
		SolutionGuid = {EBD43ECA-FC21-42BD-AACB-73667614A664}
	EndGlobalSection
EndGlobal
