
Microsoft Visual Studio Solution File, Format Version 12.00
# Visual Studio 15
VisualStudioVersion = 15.0.28010.2026
MinimumVisualStudioVersion = 10.0.40219.1
Project("{2150E333-8FDC-42A3-9474-1A3956D46DE8}") = "01PrimitiveTypesAndExpressions", "01PrimitiveTypesAndExpressions", "{97F12CB8-EE52-4157-A7CE-C56394822FC2}"
EndProject
Project("{FAE04EC0-301F-11D3-BF4B-00C04F79EFBC}") = "VariablesAndConstants", "VariablesAndConstants\VariablesAndConstants.csproj", "{41E6B688-8CA6-43C6-8DF5-9AAC80D6C136}"
EndProject
Project("{FAE04EC0-301F-11D3-BF4B-00C04F79EFBC}") = "TypeConversion", "TypeConversion\TypeConversion.csproj", "{EA51B215-A8D8-4681-949B-976349662130}"
EndProject
Project("{FAE04EC0-301F-11D3-BF4B-00C04F79EFBC}") = "Operators", "Operators\Operators.csproj", "{D1BD1A56-88EB-452A-8EB5-84D3F83598BC}"
EndProject
Global
	GlobalSection(SolutionConfigurationPlatforms) = preSolution
		Debug|Any CPU = Debug|Any CPU
		Release|Any CPU = Release|Any CPU
	EndGlobalSection
	GlobalSection(ProjectConfigurationPlatforms) = postSolution
		{41E6B688-8CA6-43C6-8DF5-9AAC80D6C136}.Debug|Any CPU.ActiveCfg = Debug|Any CPU
		{41E6B688-8CA6-43C6-8DF5-9AAC80D6C136}.Debug|Any CPU.Build.0 = Debug|Any CPU
		{41E6B688-8CA6-43C6-8DF5-9AAC80D6C136}.Release|Any CPU.ActiveCfg = Release|Any CPU
		{41E6B688-8CA6-43C6-8DF5-9AAC80D6C136}.Release|Any CPU.Build.0 = Release|Any CPU
		{EA51B215-A8D8-4681-949B-976349662130}.Debug|Any CPU.ActiveCfg = Debug|Any CPU
		{EA51B215-A8D8-4681-949B-976349662130}.Debug|Any CPU.Build.0 = Debug|Any CPU
		{EA51B215-A8D8-4681-949B-976349662130}.Release|Any CPU.ActiveCfg = Release|Any CPU
		{EA51B215-A8D8-4681-949B-976349662130}.Release|Any CPU.Build.0 = Release|Any CPU
		{D1BD1A56-88EB-452A-8EB5-84D3F83598BC}.Debug|Any CPU.ActiveCfg = Debug|Any CPU
		{D1BD1A56-88EB-452A-8EB5-84D3F83598BC}.Debug|Any CPU.Build.0 = Debug|Any CPU
		{D1BD1A56-88EB-452A-8EB5-84D3F83598BC}.Release|Any CPU.ActiveCfg = Release|Any CPU
		{D1BD1A56-88EB-452A-8EB5-84D3F83598BC}.Release|Any CPU.Build.0 = Release|Any CPU
	EndGlobalSection
	GlobalSection(SolutionProperties) = preSolution
		HideSolutionNode = FALSE
	EndGlobalSection
	GlobalSection(NestedProjects) = preSolution
		{41E6B688-8CA6-43C6-8DF5-9AAC80D6C136} = {97F12CB8-EE52-4157-A7CE-C56394822FC2}
		{EA51B215-A8D8-4681-949B-976349662130} = {97F12CB8-EE52-4157-A7CE-C56394822FC2}
		{D1BD1A56-88EB-452A-8EB5-84D3F83598BC} = {97F12CB8-EE52-4157-A7CE-C56394822FC2}
	EndGlobalSection
	GlobalSection(ExtensibilityGlobals) = postSolution
		SolutionGuid = {EBD43ECA-FC21-42BD-AACB-73667614A664}
	EndGlobalSection
EndGlobal
