
Microsoft Visual Studio Solution File, Format Version 12.00
# Visual Studio 15
VisualStudioVersion = 15.0.28010.2026
MinimumVisualStudioVersion = 10.0.40219.1
Project("{2150E333-8FDC-42A3-9474-1A3956D46DE8}") = "01PrimitiveTypesAndExpressions", "01PrimitiveTypesAndExpressions", "{97F12CB8-EE52-4157-A7CE-C56394822FC2}"
EndProject
Project("{FAE04EC0-301F-11D3-BF4B-00C04F79EFBC}") = "VariablesAndConstants", "VariablesAndConstants\VariablesAndConstants.csproj", "{41E6B688-8CA6-43C6-8DF5-9AAC80D6C136}"
EndProject
Project("{FAE04EC0-301F-11D3-BF4B-00C04F79EFBC}") = "TypeConversion", "TypeConversion\TypeConversion.csproj", "{EA51B215-A8D8-4681-949B-976349662130}"
EndProject
Project("{FAE04EC0-301F-11D3-BF4B-00C04F79EFBC}") = "Operators", "Operators\Operators.csproj", "{D1BD1A56-88EB-452A-8EB5-84D3F83598BC}"
EndProject
Project("{2150E333-8FDC-42A3-9474-1A3956D46DE8}") = "02NonPrimitiveTypes", "02NonPrimitiveTypes", "{DD410D4C-78E6-496F-9527-52600D001469}"
EndProject
Project("{FAE04EC0-301F-11D3-BF4B-00C04F79EFBC}") = "ClassesDemo", "ClassesDemo\ClassesDemo.csproj", "{92C514D6-2EDD-4B86-975B-7E0635036D43}"
EndProject
Project("{FAE04EC0-301F-11D3-BF4B-00C04F79EFBC}") = "ArraysDemo", "ArraysDemo\ArraysDemo.csproj", "{F71A03DE-2958-43E6-8C56-84CB9997A4E8}"
EndProject
Project("{FAE04EC0-301F-11D3-BF4B-00C04F79EFBC}") = "StringDemo", "StringDemo\StringDemo.csproj", "{39789972-8A68-4CEB-BFC2-0C8CC3D8FCE3}"
EndProject
Project("{FAE04EC0-301F-11D3-BF4B-00C04F79EFBC}") = "EnumsDemo", "EnumsDemo\EnumsDemo.csproj", "{5BCF92D5-864A-4C63-84A4-6D13EA47B7F0}"
EndProject
Project("{FAE04EC0-301F-11D3-BF4B-00C04F79EFBC}") = "ReferenceAndValueTypesDemo", "ReferenceAndValueTypesDemo\ReferenceAndValueTypesDemo.csproj", "{B65A8C86-AA5A-45D2-9DA3-BA8B1FBDC03B}"
EndProject
Project("{2150E333-8FDC-42A3-9474-1A3956D46DE8}") = "03ControlFlow", "03ControlFlow", "{13BE3F39-6DFF-4810-9695-DA25A4621585}"
EndProject
Project("{FAE04EC0-301F-11D3-BF4B-00C04F79EFBC}") = "IfElseSwitchDemo", "IfElseSwitchDemo\IfElseSwitchDemo.csproj", "{948AC910-150E-4CEB-BEBC-CC6C20DC18AA}"
EndProject
Project("{FAE04EC0-301F-11D3-BF4B-00C04F79EFBC}") = "IfElseSwitchExercises", "IfElseSwitchExercises\IfElseSwitchExercises.csproj", "{4FDA459A-F387-48E8-BB26-08FF8AE76BE4}"
EndProject
Global
	GlobalSection(SolutionConfigurationPlatforms) = preSolution
		Debug|Any CPU = Debug|Any CPU
		Release|Any CPU = Release|Any CPU
	EndGlobalSection
	GlobalSection(ProjectConfigurationPlatforms) = postSolution
		{41E6B688-8CA6-43C6-8DF5-9AAC80D6C136}.Debug|Any CPU.ActiveCfg = Debug|Any CPU
		{41E6B688-8CA6-43C6-8DF5-9AAC80D6C136}.Debug|Any CPU.Build.0 = Debug|Any CPU
		{41E6B688-8CA6-43C6-8DF5-9AAC80D6C136}.Release|Any CPU.ActiveCfg = Release|Any CPU
		{41E6B688-8CA6-43C6-8DF5-9AAC80D6C136}.Release|Any CPU.Build.0 = Release|Any CPU
		{EA51B215-A8D8-4681-949B-976349662130}.Debug|Any CPU.ActiveCfg = Debug|Any CPU
		{EA51B215-A8D8-4681-949B-976349662130}.Debug|Any CPU.Build.0 = Debug|Any CPU
		{EA51B215-A8D8-4681-949B-976349662130}.Release|Any CPU.ActiveCfg = Release|Any CPU
		{EA51B215-A8D8-4681-949B-976349662130}.Release|Any CPU.Build.0 = Release|Any CPU
		{D1BD1A56-88EB-452A-8EB5-84D3F83598BC}.Debug|Any CPU.ActiveCfg = Debug|Any CPU
		{D1BD1A56-88EB-452A-8EB5-84D3F83598BC}.Debug|Any CPU.Build.0 = Debug|Any CPU
		{D1BD1A56-88EB-452A-8EB5-84D3F83598BC}.Release|Any CPU.ActiveCfg = Release|Any CPU
		{D1BD1A56-88EB-452A-8EB5-84D3F83598BC}.Release|Any CPU.Build.0 = Release|Any CPU
		{92C514D6-2EDD-4B86-975B-7E0635036D43}.Debug|Any CPU.ActiveCfg = Debug|Any CPU
		{92C514D6-2EDD-4B86-975B-7E0635036D43}.Debug|Any CPU.Build.0 = Debug|Any CPU
		{92C514D6-2EDD-4B86-975B-7E0635036D43}.Release|Any CPU.ActiveCfg = Release|Any CPU
		{92C514D6-2EDD-4B86-975B-7E0635036D43}.Release|Any CPU.Build.0 = Release|Any CPU
		{F71A03DE-2958-43E6-8C56-84CB9997A4E8}.Debug|Any CPU.ActiveCfg = Debug|Any CPU
		{F71A03DE-2958-43E6-8C56-84CB9997A4E8}.Debug|Any CPU.Build.0 = Debug|Any CPU
		{F71A03DE-2958-43E6-8C56-84CB9997A4E8}.Release|Any CPU.ActiveCfg = Release|Any CPU
		{F71A03DE-2958-43E6-8C56-84CB9997A4E8}.Release|Any CPU.Build.0 = Release|Any CPU
		{39789972-8A68-4CEB-BFC2-0C8CC3D8FCE3}.Debug|Any CPU.ActiveCfg = Debug|Any CPU
		{39789972-8A68-4CEB-BFC2-0C8CC3D8FCE3}.Debug|Any CPU.Build.0 = Debug|Any CPU
		{39789972-8A68-4CEB-BFC2-0C8CC3D8FCE3}.Release|Any CPU.ActiveCfg = Release|Any CPU
		{39789972-8A68-4CEB-BFC2-0C8CC3D8FCE3}.Release|Any CPU.Build.0 = Release|Any CPU
		{5BCF92D5-864A-4C63-84A4-6D13EA47B7F0}.Debug|Any CPU.ActiveCfg = Debug|Any CPU
		{5BCF92D5-864A-4C63-84A4-6D13EA47B7F0}.Debug|Any CPU.Build.0 = Debug|Any CPU
		{5BCF92D5-864A-4C63-84A4-6D13EA47B7F0}.Release|Any CPU.ActiveCfg = Release|Any CPU
		{5BCF92D5-864A-4C63-84A4-6D13EA47B7F0}.Release|Any CPU.Build.0 = Release|Any CPU
		{B65A8C86-AA5A-45D2-9DA3-BA8B1FBDC03B}.Debug|Any CPU.ActiveCfg = Debug|Any CPU
		{B65A8C86-AA5A-45D2-9DA3-BA8B1FBDC03B}.Debug|Any CPU.Build.0 = Debug|Any CPU
		{B65A8C86-AA5A-45D2-9DA3-BA8B1FBDC03B}.Release|Any CPU.ActiveCfg = Release|Any CPU
		{B65A8C86-AA5A-45D2-9DA3-BA8B1FBDC03B}.Release|Any CPU.Build.0 = Release|Any CPU
		{948AC910-150E-4CEB-BEBC-CC6C20DC18AA}.Debug|Any CPU.ActiveCfg = Debug|Any CPU
		{948AC910-150E-4CEB-BEBC-CC6C20DC18AA}.Debug|Any CPU.Build.0 = Debug|Any CPU
		{948AC910-150E-4CEB-BEBC-CC6C20DC18AA}.Release|Any CPU.ActiveCfg = Release|Any CPU
		{948AC910-150E-4CEB-BEBC-CC6C20DC18AA}.Release|Any CPU.Build.0 = Release|Any CPU
		{4FDA459A-F387-48E8-BB26-08FF8AE76BE4}.Debug|Any CPU.ActiveCfg = Debug|Any CPU
		{4FDA459A-F387-48E8-BB26-08FF8AE76BE4}.Debug|Any CPU.Build.0 = Debug|Any CPU
		{4FDA459A-F387-48E8-BB26-08FF8AE76BE4}.Release|Any CPU.ActiveCfg = Release|Any CPU
		{4FDA459A-F387-48E8-BB26-08FF8AE76BE4}.Release|Any CPU.Build.0 = Release|Any CPU
	EndGlobalSection
	GlobalSection(SolutionProperties) = preSolution
		HideSolutionNode = FALSE
	EndGlobalSection
	GlobalSection(NestedProjects) = preSolution
		{41E6B688-8CA6-43C6-8DF5-9AAC80D6C136} = {97F12CB8-EE52-4157-A7CE-C56394822FC2}
		{EA51B215-A8D8-4681-949B-976349662130} = {97F12CB8-EE52-4157-A7CE-C56394822FC2}
		{D1BD1A56-88EB-452A-8EB5-84D3F83598BC} = {97F12CB8-EE52-4157-A7CE-C56394822FC2}
		{92C514D6-2EDD-4B86-975B-7E0635036D43} = {DD410D4C-78E6-496F-9527-52600D001469}
		{F71A03DE-2958-43E6-8C56-84CB9997A4E8} = {DD410D4C-78E6-496F-9527-52600D001469}
		{39789972-8A68-4CEB-BFC2-0C8CC3D8FCE3} = {DD410D4C-78E6-496F-9527-52600D001469}
		{5BCF92D5-864A-4C63-84A4-6D13EA47B7F0} = {DD410D4C-78E6-496F-9527-52600D001469}
		{B65A8C86-AA5A-45D2-9DA3-BA8B1FBDC03B} = {DD410D4C-78E6-496F-9527-52600D001469}
		{948AC910-150E-4CEB-BEBC-CC6C20DC18AA} = {13BE3F39-6DFF-4810-9695-DA25A4621585}
		{4FDA459A-F387-48E8-BB26-08FF8AE76BE4} = {13BE3F39-6DFF-4810-9695-DA25A4621585}
	EndGlobalSection
	GlobalSection(ExtensibilityGlobals) = postSolution
		SolutionGuid = {EBD43ECA-FC21-42BD-AACB-73667614A664}
	EndGlobalSection
EndGlobal
